{
  "nodes": {
    "catppuccin-btop": {
      "flake": false,
      "locked": {
        "lastModified": 1680727507,
        "narHash": "sha256-QoPPx4AzxJMYo/prqmWD/CM7e5vn/ueyx+XQ5+YfHF8=",
        "owner": "catppuccin",
        "repo": "btop",
        "rev": "7109eac2884e9ca1dae431c0d7b8bc2a7ce54e54",
        "type": "github"
      },
      "original": {
        "owner": "catppuccin",
        "repo": "btop",
        "type": "github"
      }
    },
    "catppuccin-discord": {
      "flake": false,
      "locked": {
        "narHash": "sha256-N+0ZfBes6G0ctkYkTfmIEnOpnI6AWpgFADSaf+4qVXo=",
        "type": "file",
        "url": "https://catppuccin.github.io/discord/dist/catppuccin-mocha-teal.theme.css"
      },
      "original": {
        "type": "file",
        "url": "https://catppuccin.github.io/discord/dist/catppuccin-mocha-teal.theme.css"
      }
    },
    "catppuccin-zathura": {
      "flake": false,
      "locked": {
        "lastModified": 1664239314,
        "narHash": "sha256-5Vh2bVabuBluVCJm9vfdnjnk32CtsK7wGIWM5+XnacM=",
        "owner": "catppuccin",
        "repo": "zathura",
        "rev": "d85d8750acd0b0247aa10e0653998180391110a4",
        "type": "github"
      },
      "original": {
        "owner": "catppuccin",
        "repo": "zathura",
        "type": "github"
      }
    },
    "home-manager": {
      "inputs": {
        "nixpkgs": [
          "nixpkgs"
        ]
      },
      "locked": {
        "lastModified": 1682347289,
        "narHash": "sha256-BQHY4lzS3Tkx4XLmZPR5FSjKWMP+cKNtUM8pTC4L9Ek=",
        "owner": "nix-community",
        "repo": "home-manager",
        "rev": "0263da497eae3246ea15ed6f0f7875bc15592cef",
        "type": "github"
      },
      "original": {
        "owner": "nix-community",
        "repo": "home-manager",
        "type": "github"
      }
    },
    "nixpkgs": {
      "locked": {
        "lastModified": 1682268651,
        "narHash": "sha256-2eZriMhnD24Pmb8ideZWZDiXaAVe6LzJrHQiNPck+Lk=",
        "owner": "nixos",
        "repo": "nixpkgs",
        "rev": "e78d25df6f1036b3fa76750ed4603dd9d5fe90fc",
        "type": "github"
      },
      "original": {
        "owner": "nixos",
        "ref": "nixos-unstable",
        "repo": "nixpkgs",
        "type": "github"
      }
    },
    "nur": {
      "locked": {
        "lastModified": 1682377591,
        "narHash": "sha256-vImd96mh9st8acsFqjzFQHFJl8vb8GFjr8SpE2OvD58=",
        "owner": "nix-community",
        "repo": "NUR",
        "rev": "b1c37157cc6b86400f3cfcee033f4edc307ced42",
        "type": "github"
      },
      "original": {
        "owner": "nix-community",
        "repo": "NUR",
        "type": "github"
      }
    },
    "root": {
      "inputs": {
        "catppuccin-btop": "catppuccin-btop",
        "catppuccin-discord": "catppuccin-discord",
        "catppuccin-zathura": "catppuccin-zathura",
        "home-manager": "home-manager",
        "nixpkgs": "nixpkgs",
        "nur": "nur"
      }
    }
  },
  "root": "root",
  "version": 7
}
