{
  "nodes": {
    "catppuccin-btop": {
      "flake": false,
      "locked": {
        "lastModified": 1680727507,
        "narHash": "sha256-QoPPx4AzxJMYo/prqmWD/CM7e5vn/ueyx+XQ5+YfHF8=",
        "owner": "catppuccin",
        "repo": "btop",
        "rev": "7109eac2884e9ca1dae431c0d7b8bc2a7ce54e54",
        "type": "github"
      },
      "original": {
        "owner": "catppuccin",
        "repo": "btop",
        "type": "github"
      }
    },
    "catppuccin-discord": {
      "flake": false,
      "locked": {
        "narHash": "sha256-lB6yJsnGQXSjmZlN6PD/st4mTPltvjiSGHgVlBks6lQ=",
        "type": "file",
        "url": "https://catppuccin.github.io/discord/dist/catppuccin-mocha-teal.theme.css"
      },
      "original": {
        "type": "file",
        "url": "https://catppuccin.github.io/discord/dist/catppuccin-mocha-teal.theme.css"
      }
    },
    "catppuccin-zathura": {
      "flake": false,
      "locked": {
        "lastModified": 1664239314,
        "narHash": "sha256-5Vh2bVabuBluVCJm9vfdnjnk32CtsK7wGIWM5+XnacM=",
        "owner": "catppuccin",
        "repo": "zathura",
        "rev": "d85d8750acd0b0247aa10e0653998180391110a4",
        "type": "github"
      },
      "original": {
        "owner": "catppuccin",
        "repo": "zathura",
        "type": "github"
      }
    },
    "home-manager": {
      "inputs": {
        "nixpkgs": [
          "nixpkgs"
        ]
      },
      "locked": {
        "lastModified": 1682419509,
        "narHash": "sha256-+/HI3RbJcEKQ5+55dECzh8geginsbabsA0R3ORKi2Us=",
        "owner": "nix-community",
        "repo": "home-manager",
        "rev": "6142193635ecdafb9a231bd7d1880b9b7b210d19",
        "type": "github"
      },
      "original": {
        "owner": "nix-community",
        "repo": "home-manager",
        "type": "github"
      }
    },
    "nixpkgs": {
      "locked": {
        "lastModified": 1682362401,
        "narHash": "sha256-/UMUHtF2CyYNl4b60Z2y4wwTTdIWGKhj9H301EDcT9M=",
        "owner": "nixos",
        "repo": "nixpkgs",
        "rev": "884ac294018409e0d1adc0cae185439a44bd6b0b",
        "type": "github"
      },
      "original": {
        "owner": "nixos",
        "ref": "nixos-unstable",
        "repo": "nixpkgs",
        "type": "github"
      }
    },
    "nur": {
      "locked": {
        "lastModified": 1682433577,
        "narHash": "sha256-Yw5XgBnGxvcPar7YDqbKEGPWkU+F7cItIMX0QUEw8Vo=",
        "owner": "nix-community",
        "repo": "NUR",
        "rev": "4577b8615ee4e226b5fb63ce8b4eb9aeaca2ee15",
        "type": "github"
      },
      "original": {
        "owner": "nix-community",
        "repo": "NUR",
        "type": "github"
      }
    },
    "root": {
      "inputs": {
        "catppuccin-btop": "catppuccin-btop",
        "catppuccin-discord": "catppuccin-discord",
        "catppuccin-zathura": "catppuccin-zathura",
        "home-manager": "home-manager",
        "nixpkgs": "nixpkgs",
        "nur": "nur"
      }
    }
  },
  "root": "root",
  "version": 7
}
